
Microsoft Visual Studio Solution File, Format Version 12.00
# Visual Studio Version 16
VisualStudioVersion = 16.0.31624.102
MinimumVisualStudioVersion = 10.0.40219.1
Project("{FAE04EC0-301F-11D3-BF4B-00C04F79EFBC}") = "Builder_Design_Pattern_Implementation", "Builder_Design_Pattern_Implementation\Builder_Design_Pattern_Implementation.csproj", "{1C86AA8F-80AA-465E-A777-702A3B58B7B4}"
EndProject
Global
	GlobalSection(SolutionConfigurationPlatforms) = preSolution
		Debug|Any CPU = Debug|Any CPU
		Release|Any CPU = Release|Any CPU
	EndGlobalSection
	GlobalSection(ProjectConfigurationPlatforms) = postSolution
		{1C86AA8F-80AA-465E-A777-702A3B58B7B4}.Debug|Any CPU.ActiveCfg = Debug|Any CPU
		{1C86AA8F-80AA-465E-A777-702A3B58B7B4}.Debug|Any CPU.Build.0 = Debug|Any CPU
		{1C86AA8F-80AA-465E-A777-702A3B58B7B4}.Release|Any CPU.ActiveCfg = Release|Any CPU
		{1C86AA8F-80AA-465E-A777-702A3B58B7B4}.Release|Any CPU.Build.0 = Release|Any CPU
	EndGlobalSection
	GlobalSection(SolutionProperties) = preSolution
		HideSolutionNode = FALSE
	EndGlobalSection
	GlobalSection(ExtensibilityGlobals) = postSolution
		SolutionGuid = {FF1CD5EF-B204-4B9C-99D4-F71D98BCBD13}
	EndGlobalSection
EndGlobal
